
Microsoft Visual Studio Solution File, Format Version 12.00
# Visual Studio 15
VisualStudioVersion = 15.0.27128.1
MinimumVisualStudioVersion = 10.0.40219.1
Project("{9A19103F-16F7-4668-BE54-9A1E7A4F7556}") = "simple", "simple\simple.csproj", "{1C051D3F-8F4F-4AD6-AA2F-4905F9B7DE01}"
EndProject
Project("{9A19103F-16F7-4668-BE54-9A1E7A4F7556}") = "mock-storage-batch", "mock-storage-batch\mock-storage-batch.csproj", "{56FDF2AA-2273-4DA8-BB1C-B8D053FA5A47}"
EndProject
Project("{9A19103F-16F7-4668-BE54-9A1E7A4F7556}") = "mock-storage-batch-2", "mock-storage-batch-2\mock-storage-batch-2.csproj", "{88B710F0-30F8-4B62-ABD2-1DF6EBBB640C}"
EndProject
Project("{FAE04EC0-301F-11D3-BF4B-00C04F79EFBC}") = "starting-orchestrations", "starting-orchestrations\starting-orchestrations.csproj", "{DB0BBADE-DE0E-4E17-BE42-65B2E3051CA3}"
EndProject
Global
	GlobalSection(SolutionConfigurationPlatforms) = preSolution
		Debug|Any CPU = Debug|Any CPU
		Release|Any CPU = Release|Any CPU
	EndGlobalSection
	GlobalSection(ProjectConfigurationPlatforms) = postSolution
		{1C051D3F-8F4F-4AD6-AA2F-4905F9B7DE01}.Debug|Any CPU.ActiveCfg = Debug|Any CPU
		{1C051D3F-8F4F-4AD6-AA2F-4905F9B7DE01}.Debug|Any CPU.Build.0 = Debug|Any CPU
		{1C051D3F-8F4F-4AD6-AA2F-4905F9B7DE01}.Release|Any CPU.ActiveCfg = Release|Any CPU
		{1C051D3F-8F4F-4AD6-AA2F-4905F9B7DE01}.Release|Any CPU.Build.0 = Release|Any CPU
		{56FDF2AA-2273-4DA8-BB1C-B8D053FA5A47}.Debug|Any CPU.ActiveCfg = Debug|Any CPU
		{56FDF2AA-2273-4DA8-BB1C-B8D053FA5A47}.Debug|Any CPU.Build.0 = Debug|Any CPU
		{56FDF2AA-2273-4DA8-BB1C-B8D053FA5A47}.Release|Any CPU.ActiveCfg = Release|Any CPU
		{56FDF2AA-2273-4DA8-BB1C-B8D053FA5A47}.Release|Any CPU.Build.0 = Release|Any CPU
		{88B710F0-30F8-4B62-ABD2-1DF6EBBB640C}.Debug|Any CPU.ActiveCfg = Debug|Any CPU
		{88B710F0-30F8-4B62-ABD2-1DF6EBBB640C}.Debug|Any CPU.Build.0 = Debug|Any CPU
		{88B710F0-30F8-4B62-ABD2-1DF6EBBB640C}.Release|Any CPU.ActiveCfg = Release|Any CPU
		{88B710F0-30F8-4B62-ABD2-1DF6EBBB640C}.Release|Any CPU.Build.0 = Release|Any CPU
		{DB0BBADE-DE0E-4E17-BE42-65B2E3051CA3}.Debug|Any CPU.ActiveCfg = Debug|Any CPU
		{DB0BBADE-DE0E-4E17-BE42-65B2E3051CA3}.Debug|Any CPU.Build.0 = Debug|Any CPU
		{DB0BBADE-DE0E-4E17-BE42-65B2E3051CA3}.Release|Any CPU.ActiveCfg = Release|Any CPU
		{DB0BBADE-DE0E-4E17-BE42-65B2E3051CA3}.Release|Any CPU.Build.0 = Release|Any CPU
	EndGlobalSection
	GlobalSection(SolutionProperties) = preSolution
		HideSolutionNode = FALSE
	EndGlobalSection
	GlobalSection(ExtensibilityGlobals) = postSolution
		SolutionGuid = {A8FCDA93-B6FB-407C-BEEC-D4BCE4717F7E}
	EndGlobalSection
EndGlobal
